
Microsoft Visual Studio Solution File, Format Version 12.00
# Visual Studio Version 17
VisualStudioVersion = 17.0.31903.59
MinimumVisualStudioVersion = 10.0.40219.1
Project("{FAE04EC0-301F-11D3-BF4B-00C04F79EFBC}") = "GrokImagine.Client", "GrokImagine.Client\GrokImagine.Client.csproj", "{A8DAF208-EC37-418B-B6E4-D667CB304B42}"
EndProject
Project("{FAE04EC0-301F-11D3-BF4B-00C04F79EFBC}") = "GrokImagine.Cli", "GrokImagine.Cli\GrokImagine.Cli.csproj", "{71AEA5AA-AF9C-4254-B81E-797603B39C4D}"
EndProject
Global
	GlobalSection(SolutionConfigurationPlatforms) = preSolution
		Debug|Any CPU = Debug|Any CPU
		Release|Any CPU = Release|Any CPU
	EndGlobalSection
	GlobalSection(SolutionProperties) = preSolution
		HideSolutionNode = FALSE
	EndGlobalSection
	GlobalSection(ProjectConfigurationPlatforms) = postSolution
		{A8DAF208-EC37-418B-B6E4-D667CB304B42}.Debug|Any CPU.ActiveCfg = Debug|Any CPU
		{A8DAF208-EC37-418B-B6E4-D667CB304B42}.Debug|Any CPU.Build.0 = Debug|Any CPU
		{A8DAF208-EC37-418B-B6E4-D667CB304B42}.Release|Any CPU.ActiveCfg = Release|Any CPU
		{A8DAF208-EC37-418B-B6E4-D667CB304B42}.Release|Any CPU.Build.0 = Release|Any CPU
		{71AEA5AA-AF9C-4254-B81E-797603B39C4D}.Debug|Any CPU.ActiveCfg = Debug|Any CPU
		{71AEA5AA-AF9C-4254-B81E-797603B39C4D}.Debug|Any CPU.Build.0 = Debug|Any CPU
		{71AEA5AA-AF9C-4254-B81E-797603B39C4D}.Release|Any CPU.ActiveCfg = Release|Any CPU
		{71AEA5AA-AF9C-4254-B81E-797603B39C4D}.Release|Any CPU.Build.0 = Release|Any CPU
	EndGlobalSection
EndGlobal
